
Microsoft Visual Studio Solution File, Format Version 12.00
Project("{8BC9CEB8-8B4A-11D0-8D11-00A0C91BC942}") = "Introduction", "Introduction\Introduction.vcxproj", "{3291D051-92DB-4B1B-B221-EE1426D53337}"
EndProject
Project("{8BC9CEB8-8B4A-11D0-8D11-00A0C91BC942}") = "StreamsStrings", "StreamsStrings\StreamsStrings.vcxproj", "{20DC7F79-A639-4C6E-947D-14B8141947EF}"
EndProject
Project("{8BC9CEB8-8B4A-11D0-8D11-00A0C91BC942}") = "Pointers", "Pointers\Pointers.vcxproj", "{6CAC717B-1956-4C87-92F9-72EF355C5B5D}"
EndProject
Project("{8BC9CEB8-8B4A-11D0-8D11-00A0C91BC942}") = "ClassesOne", "ClassesOne\ClassesOne.vcxproj", "{201AE38A-923D-4E65-A9AB-46A86FB7C635}"
EndProject
Global
	GlobalSection(SolutionConfigurationPlatforms) = preSolution
		Debug|Win32 = Debug|Win32
		Debug|x64 = Debug|x64
		Release|Win32 = Release|Win32
		Release|x64 = Release|x64
	EndGlobalSection
	GlobalSection(ProjectConfigurationPlatforms) = postSolution
		{3291D051-92DB-4B1B-B221-EE1426D53337}.Debug|Win32.ActiveCfg = Debug|Win32
		{3291D051-92DB-4B1B-B221-EE1426D53337}.Debug|Win32.Build.0 = Debug|Win32
		{3291D051-92DB-4B1B-B221-EE1426D53337}.Debug|x64.ActiveCfg = Debug|x64
		{3291D051-92DB-4B1B-B221-EE1426D53337}.Debug|x64.Build.0 = Debug|x64
		{3291D051-92DB-4B1B-B221-EE1426D53337}.Release|Win32.ActiveCfg = Release|Win32
		{3291D051-92DB-4B1B-B221-EE1426D53337}.Release|Win32.Build.0 = Release|Win32
		{3291D051-92DB-4B1B-B221-EE1426D53337}.Release|x64.ActiveCfg = Release|x64
		{3291D051-92DB-4B1B-B221-EE1426D53337}.Release|x64.Build.0 = Release|x64
		{20DC7F79-A639-4C6E-947D-14B8141947EF}.Debug|Win32.ActiveCfg = Debug|Win32
		{20DC7F79-A639-4C6E-947D-14B8141947EF}.Debug|Win32.Build.0 = Debug|Win32
		{20DC7F79-A639-4C6E-947D-14B8141947EF}.Debug|x64.ActiveCfg = Debug|x64
		{20DC7F79-A639-4C6E-947D-14B8141947EF}.Debug|x64.Build.0 = Debug|x64
		{20DC7F79-A639-4C6E-947D-14B8141947EF}.Release|Win32.ActiveCfg = Release|Win32
		{20DC7F79-A639-4C6E-947D-14B8141947EF}.Release|Win32.Build.0 = Release|Win32
		{20DC7F79-A639-4C6E-947D-14B8141947EF}.Release|x64.ActiveCfg = Release|x64
		{20DC7F79-A639-4C6E-947D-14B8141947EF}.Release|x64.Build.0 = Release|x64
		{6CAC717B-1956-4C87-92F9-72EF355C5B5D}.Debug|Win32.ActiveCfg = Debug|Win32
		{6CAC717B-1956-4C87-92F9-72EF355C5B5D}.Debug|Win32.Build.0 = Debug|Win32
		{6CAC717B-1956-4C87-92F9-72EF355C5B5D}.Debug|x64.ActiveCfg = Debug|x64
		{6CAC717B-1956-4C87-92F9-72EF355C5B5D}.Debug|x64.Build.0 = Debug|x64
		{6CAC717B-1956-4C87-92F9-72EF355C5B5D}.Release|Win32.ActiveCfg = Release|Win32
		{6CAC717B-1956-4C87-92F9-72EF355C5B5D}.Release|Win32.Build.0 = Release|Win32
		{6CAC717B-1956-4C87-92F9-72EF355C5B5D}.Release|x64.ActiveCfg = Release|x64
		{6CAC717B-1956-4C87-92F9-72EF355C5B5D}.Release|x64.Build.0 = Release|x64
		{201AE38A-923D-4E65-A9AB-46A86FB7C635}.Debug|Win32.ActiveCfg = Debug|Win32
		{201AE38A-923D-4E65-A9AB-46A86FB7C635}.Debug|Win32.Build.0 = Debug|Win32
		{201AE38A-923D-4E65-A9AB-46A86FB7C635}.Debug|x64.ActiveCfg = Debug|x64
		{201AE38A-923D-4E65-A9AB-46A86FB7C635}.Debug|x64.Build.0 = Debug|x64
		{201AE38A-923D-4E65-A9AB-46A86FB7C635}.Release|Win32.ActiveCfg = Release|Win32
		{201AE38A-923D-4E65-A9AB-46A86FB7C635}.Release|Win32.Build.0 = Release|Win32
		{201AE38A-923D-4E65-A9AB-46A86FB7C635}.Release|x64.ActiveCfg = Release|x64
		{201AE38A-923D-4E65-A9AB-46A86FB7C635}.Release|x64.Build.0 = Release|x64
	EndGlobalSection
EndGlobal
